Microsoft Visual Studio Solution File, Format Version 11.00
# Visual Studio 2008

Project("{0D8969B9-A59B-B3C0-F293-94B35D89FC09}") = "FlowFieldProject", "Assembly-CSharp-firstpass.csproj", "{3F70FD19-43E7-B2C3-DB50-1AEF95A3E763}"
EndProject
Project("{0D8969B9-A59B-B3C0-F293-94B35D89FC09}") = "FlowFieldProject", "Assembly-CSharp.csproj", "{204F6506-CBF7-1C54-F123-6909B758A8E3}"
EndProject
Global
	GlobalSection(SolutionConfigurationPlatforms) = preSolution
		Debug|Any CPU = Debug|Any CPU
		Release|Any CPU = Release|Any CPU
	EndGlobalSection
	GlobalSection(ProjectConfigurationPlatforms) = postSolution
		{3F70FD19-43E7-B2C3-DB50-1AEF95A3E763}.Debug|Any CPU.ActiveCfg = Debug|Any CPU
		{3F70FD19-43E7-B2C3-DB50-1AEF95A3E763}.Debug|Any CPU.Build.0 = Debug|Any CPU
		{3F70FD19-43E7-B2C3-DB50-1AEF95A3E763}.Release|Any CPU.ActiveCfg = Release|Any CPU
		{3F70FD19-43E7-B2C3-DB50-1AEF95A3E763}.Release|Any CPU.Build.0 = Release|Any CPU
		{204F6506-CBF7-1C54-F123-6909B758A8E3}.Debug|Any CPU.ActiveCfg = Debug|Any CPU
		{204F6506-CBF7-1C54-F123-6909B758A8E3}.Debug|Any CPU.Build.0 = Debug|Any CPU
		{204F6506-CBF7-1C54-F123-6909B758A8E3}.Release|Any CPU.ActiveCfg = Release|Any CPU
		{204F6506-CBF7-1C54-F123-6909B758A8E3}.Release|Any CPU.Build.0 = Release|Any CPU
	EndGlobalSection
	GlobalSection(SolutionProperties) = preSolution
		HideSolutionNode = FALSE
	EndGlobalSection
	GlobalSection(MonoDevelopProperties) = preSolution
		StartupItem = Assembly-CSharp.csproj
	EndGlobalSection
EndGlobal
